
Microsoft Visual Studio Solution File, Format Version 12.00
# Visual Studio Version 16
VisualStudioVersion = 16.0.31624.102
MinimumVisualStudioVersion = 10.0.40219.1
Project("{FAE04EC0-301F-11D3-BF4B-00C04F79EFBC}") = "Test5", "Test5\Test5.csproj", "{0A3AC93F-5779-4B33-9B1E-AB785BF70DFA}"
EndProject
Global
	GlobalSection(SolutionConfigurationPlatforms) = preSolution
		Debug|Any CPU = Debug|Any CPU
		Release|Any CPU = Release|Any CPU
	EndGlobalSection
	GlobalSection(ProjectConfigurationPlatforms) = postSolution
		{0A3AC93F-5779-4B33-9B1E-AB785BF70DFA}.Debug|Any CPU.ActiveCfg = Debug|Any CPU
		{0A3AC93F-5779-4B33-9B1E-AB785BF70DFA}.Debug|Any CPU.Build.0 = Debug|Any CPU
		{0A3AC93F-5779-4B33-9B1E-AB785BF70DFA}.Release|Any CPU.ActiveCfg = Release|Any CPU
		{0A3AC93F-5779-4B33-9B1E-AB785BF70DFA}.Release|Any CPU.Build.0 = Release|Any CPU
	EndGlobalSection
	GlobalSection(SolutionProperties) = preSolution
		HideSolutionNode = FALSE
	EndGlobalSection
	GlobalSection(ExtensibilityGlobals) = postSolution
		SolutionGuid = {C56B6168-9D79-4FF6-954E-B684C2EA1C57}
	EndGlobalSection
EndGlobal
